<?xml version="1.0" encoding="utf-8"?>
<Project ToolsVersion="15.0" xmlns="http://schemas.microsoft.com/developer/msbuild/2003">
  <ItemGroup>
    <Filter Include="Generated Files">
      <UniqueIdentifier>{79d2532a-80d3-4747-8e96-6ddac6db874c}</UniqueIdentifier>
    </Filter>
    <Filter Include="BackgroundWorker">
      <UniqueIdentifier>{a0f17a88-8cd0-43d2-8dfe-1eb0e2b7d0c8}</UniqueIdentifier>
    </Filter>
    <Filter Include="TransferManager">
      <UniqueIdentifier>{edc7ca39-1cc4-406e-b2fc-dbd879f73849}</UniqueIdentifier>
    </Filter>
    <Filter Include="CustomConverter">
      <UniqueIdentifier>{f14fa212-ce08-4e4d-a36c-5cff428339ed}</UniqueIdentifier>
    </Filter>
  </ItemGroup>
  <ItemGroup>
    <ClCompile Include="pch.cpp" />
    <ClCompile Include="Generated Files\module.g.cpp">
      <Filter>Generated Files</Filter>
    </ClCompile>
    <ClCompile Include="BackgroundWorker.cpp">
      <Filter>BackgroundWorker</Filter>
    </ClCompile>
    <ClCompile Include="TransferManager.cpp">
      <Filter>TransferManager</Filter>
    </ClCompile>
    <ClCompile Include="TransferTask.cpp">
      <Filter>TransferManager</Filter>
    </ClCompile>
    <ClCompile Include="CustomConverter.cpp">
      <Filter>CustomConverter</Filter>
    </ClCompile>
  </ItemGroup>
  <ItemGroup>
    <ClInclude Include="pch.h" />
    <ClInclude Include="resource.h" />
    <ClInclude Include="BackgroundWorker.h">
      <Filter>BackgroundWorker</Filter>
    </ClInclude>
    <ClInclude Include="TransferManager.h">
      <Filter>TransferManager</Filter>
    </ClInclude>
    <ClInclude Include="TransferTask.h">
      <Filter>TransferManager</Filter>
    </ClInclude>
    <ClInclude Include="CustomConverter.h">
      <Filter>CustomConverter</Filter>
    </ClInclude>
  </ItemGroup>
  <ItemGroup>
    <ResourceCompile Include="Assassin.rc" />
  </ItemGroup>
  <ItemGroup>
    <None Include="Assassin.def" />
  </ItemGroup>
  <ItemGroup>
    <Midl Include="BackgroundWorker.idl">
      <Filter>BackgroundWorker</Filter>
    </Midl>
    <Midl Include="TransferManager.idl">
      <Filter>TransferManager</Filter>
    </Midl>
    <Midl Include="CustomConverter.idl">
      <Filter>CustomConverter</Filter>
    </Midl>
  </ItemGroup>
</Project>