
Microsoft Visual Studio Solution File, Format Version 12.00
# Visual Studio 15
VisualStudioVersion = 15.0.27130.2036
MinimumVisualStudioVersion = 10.0.40219.1
Project("{8BC9CEB8-8B4A-11D0-8D11-00A0C91BC942}") = "Nagisa", "Nagisa\Nagisa.vcxproj", "{CD858CAD-04D9-4A81-8C75-26CB74323398}"
EndProject
Project("{2150E333-8FDC-42A3-9474-1A3956D46DE8}") = "Documents", "Documents", "{490FC2F1-8878-495F-AE81-F7D24B62F670}"
	ProjectSection(SolutionItems) = preProject
		.gitattributes = .gitattributes
		.gitignore = .gitignore
		appveyor.yml = appveyor.yml
		Changelog.md = Changelog.md
		LICENSE = LICENSE
		Logo.png = Logo.png
		People.md = People.md
		Privacy.md = Privacy.md
		README.md = README.md
		Screenshot.png = Screenshot.png
	EndProjectSection
EndProject
Project("{8BC9CEB8-8B4A-11D0-8D11-00A0C91BC942}") = "Shared", "Shared\Shared.vcxitems", "{318E66EA-4E29-40A5-966C-F18B7C0BAC45}"
EndProject
Project("{8BC9CEB8-8B4A-11D0-8D11-00A0C91BC942}") = "Assassin", "Assassin\Assassin.vcxproj", "{7DB6FE7F-0281-49B3-92F9-497EE9CBCF6C}"
EndProject
Project("{2150E333-8FDC-42A3-9474-1A3956D46DE8}") = "ThirdParty", "ThirdParty", "{88D375F8-D6D4-495C-852D-CD9DF1F169C1}"
EndProject
Project("{8BC9CEB8-8B4A-11D0-8D11-00A0C91BC942}") = "OpenSSL", "ThirdParty\OpenSSL\OpenSSL.vcxitems", "{6B84FB2B-AE13-44CE-B6DB-C5B32CBF0A72}"
EndProject
Project("{8BC9CEB8-8B4A-11D0-8D11-00A0C91BC942}") = "ConsoleDemo", "ConsoleDemo\ConsoleDemo.vcxproj", "{287F41F2-CF17-46F5-B43C-58293E73E813}"
EndProject
Global
	GlobalSection(SharedMSBuildProjectFiles) = preSolution
		Shared\Shared.vcxitems*{287f41f2-cf17-46f5-b43c-58293e73e813}*SharedItemsImports = 4
		ThirdParty\OpenSSL\OpenSSL.vcxitems*{287f41f2-cf17-46f5-b43c-58293e73e813}*SharedItemsImports = 4
		Shared\Shared.vcxitems*{318e66ea-4e29-40a5-966c-f18b7c0bac45}*SharedItemsImports = 9
		ThirdParty\OpenSSL\OpenSSL.vcxitems*{6b84fb2b-ae13-44ce-b6db-c5b32cbf0a72}*SharedItemsImports = 9
		Shared\Shared.vcxitems*{7db6fe7f-0281-49b3-92f9-497ee9cbcf6c}*SharedItemsImports = 4
		ThirdParty\OpenSSL\OpenSSL.vcxitems*{7db6fe7f-0281-49b3-92f9-497ee9cbcf6c}*SharedItemsImports = 4
		Shared\Shared.vcxitems*{cd858cad-04d9-4a81-8c75-26cb74323398}*SharedItemsImports = 4
	EndGlobalSection
	GlobalSection(SolutionConfigurationPlatforms) = preSolution
		Debug|ARM = Debug|ARM
		Debug|ARM64 = Debug|ARM64
		Debug|x64 = Debug|x64
		Debug|x86 = Debug|x86
		Release|ARM = Release|ARM
		Release|ARM64 = Release|ARM64
		Release|x64 = Release|x64
		Release|x86 = Release|x86
	EndGlobalSection
	GlobalSection(ProjectConfigurationPlatforms) = postSolution
		{CD858CAD-04D9-4A81-8C75-26CB74323398}.Debug|ARM.ActiveCfg = Debug|ARM
		{CD858CAD-04D9-4A81-8C75-26CB74323398}.Debug|ARM.Build.0 = Debug|ARM
		{CD858CAD-04D9-4A81-8C75-26CB74323398}.Debug|ARM.Deploy.0 = Debug|ARM
		{CD858CAD-04D9-4A81-8C75-26CB74323398}.Debug|ARM64.ActiveCfg = Debug|ARM64
		{CD858CAD-04D9-4A81-8C75-26CB74323398}.Debug|ARM64.Build.0 = Debug|ARM64
		{CD858CAD-04D9-4A81-8C75-26CB74323398}.Debug|ARM64.Deploy.0 = Debug|ARM64
		{CD858CAD-04D9-4A81-8C75-26CB74323398}.Debug|x64.ActiveCfg = Debug|x64
		{CD858CAD-04D9-4A81-8C75-26CB74323398}.Debug|x64.Build.0 = Debug|x64
		{CD858CAD-04D9-4A81-8C75-26CB74323398}.Debug|x64.Deploy.0 = Debug|x64
		{CD858CAD-04D9-4A81-8C75-26CB74323398}.Debug|x86.ActiveCfg = Debug|Win32
		{CD858CAD-04D9-4A81-8C75-26CB74323398}.Debug|x86.Build.0 = Debug|Win32
		{CD858CAD-04D9-4A81-8C75-26CB74323398}.Debug|x86.Deploy.0 = Debug|Win32
		{CD858CAD-04D9-4A81-8C75-26CB74323398}.Release|ARM.ActiveCfg = Release|ARM
		{CD858CAD-04D9-4A81-8C75-26CB74323398}.Release|ARM.Build.0 = Release|ARM
		{CD858CAD-04D9-4A81-8C75-26CB74323398}.Release|ARM.Deploy.0 = Release|ARM
		{CD858CAD-04D9-4A81-8C75-26CB74323398}.Release|ARM64.ActiveCfg = Release|ARM64
		{CD858CAD-04D9-4A81-8C75-26CB74323398}.Release|ARM64.Build.0 = Release|ARM64
		{CD858CAD-04D9-4A81-8C75-26CB74323398}.Release|ARM64.Deploy.0 = Release|ARM64
		{CD858CAD-04D9-4A81-8C75-26CB74323398}.Release|x64.ActiveCfg = Release|x64
		{CD858CAD-04D9-4A81-8C75-26CB74323398}.Release|x64.Build.0 = Release|x64
		{CD858CAD-04D9-4A81-8C75-26CB74323398}.Release|x64.Deploy.0 = Release|x64
		{CD858CAD-04D9-4A81-8C75-26CB74323398}.Release|x86.ActiveCfg = Release|Win32
		{CD858CAD-04D9-4A81-8C75-26CB74323398}.Release|x86.Build.0 = Release|Win32
		{CD858CAD-04D9-4A81-8C75-26CB74323398}.Release|x86.Deploy.0 = Release|Win32
		{7DB6FE7F-0281-49B3-92F9-497EE9CBCF6C}.Debug|ARM.ActiveCfg = Debug|ARM
		{7DB6FE7F-0281-49B3-92F9-497EE9CBCF6C}.Debug|ARM.Build.0 = Debug|ARM
		{7DB6FE7F-0281-49B3-92F9-497EE9CBCF6C}.Debug|ARM64.ActiveCfg = Debug|ARM64
		{7DB6FE7F-0281-49B3-92F9-497EE9CBCF6C}.Debug|ARM64.Build.0 = Debug|ARM64
		{7DB6FE7F-0281-49B3-92F9-497EE9CBCF6C}.Debug|x64.ActiveCfg = Debug|x64
		{7DB6FE7F-0281-49B3-92F9-497EE9CBCF6C}.Debug|x64.Build.0 = Debug|x64
		{7DB6FE7F-0281-49B3-92F9-497EE9CBCF6C}.Debug|x86.ActiveCfg = Debug|Win32
		{7DB6FE7F-0281-49B3-92F9-497EE9CBCF6C}.Debug|x86.Build.0 = Debug|Win32
		{7DB6FE7F-0281-49B3-92F9-497EE9CBCF6C}.Release|ARM.ActiveCfg = Release|ARM
		{7DB6FE7F-0281-49B3-92F9-497EE9CBCF6C}.Release|ARM.Build.0 = Release|ARM
		{7DB6FE7F-0281-49B3-92F9-497EE9CBCF6C}.Release|ARM64.ActiveCfg = Release|ARM64
		{7DB6FE7F-0281-49B3-92F9-497EE9CBCF6C}.Release|ARM64.Build.0 = Release|ARM64
		{7DB6FE7F-0281-49B3-92F9-497EE9CBCF6C}.Release|x64.ActiveCfg = Release|x64
		{7DB6FE7F-0281-49B3-92F9-497EE9CBCF6C}.Release|x64.Build.0 = Release|x64
		{7DB6FE7F-0281-49B3-92F9-497EE9CBCF6C}.Release|x86.ActiveCfg = Release|Win32
		{7DB6FE7F-0281-49B3-92F9-497EE9CBCF6C}.Release|x86.Build.0 = Release|Win32
		{287F41F2-CF17-46F5-B43C-58293E73E813}.Debug|ARM.ActiveCfg = Debug|ARM
		{287F41F2-CF17-46F5-B43C-58293E73E813}.Debug|ARM.Build.0 = Debug|ARM
		{287F41F2-CF17-46F5-B43C-58293E73E813}.Debug|ARM64.ActiveCfg = Debug|ARM64
		{287F41F2-CF17-46F5-B43C-58293E73E813}.Debug|ARM64.Build.0 = Debug|ARM64
		{287F41F2-CF17-46F5-B43C-58293E73E813}.Debug|x64.ActiveCfg = Debug|x64
		{287F41F2-CF17-46F5-B43C-58293E73E813}.Debug|x64.Build.0 = Debug|x64
		{287F41F2-CF17-46F5-B43C-58293E73E813}.Debug|x86.ActiveCfg = Debug|Win32
		{287F41F2-CF17-46F5-B43C-58293E73E813}.Debug|x86.Build.0 = Debug|Win32
		{287F41F2-CF17-46F5-B43C-58293E73E813}.Release|ARM.ActiveCfg = Release|ARM
		{287F41F2-CF17-46F5-B43C-58293E73E813}.Release|ARM.Build.0 = Release|ARM
		{287F41F2-CF17-46F5-B43C-58293E73E813}.Release|ARM64.ActiveCfg = Release|ARM64
		{287F41F2-CF17-46F5-B43C-58293E73E813}.Release|ARM64.Build.0 = Release|ARM64
		{287F41F2-CF17-46F5-B43C-58293E73E813}.Release|x64.ActiveCfg = Release|x64
		{287F41F2-CF17-46F5-B43C-58293E73E813}.Release|x64.Build.0 = Release|x64
		{287F41F2-CF17-46F5-B43C-58293E73E813}.Release|x86.ActiveCfg = Release|Win32
		{287F41F2-CF17-46F5-B43C-58293E73E813}.Release|x86.Build.0 = Release|Win32
	EndGlobalSection
	GlobalSection(SolutionProperties) = preSolution
		HideSolutionNode = FALSE
	EndGlobalSection
	GlobalSection(NestedProjects) = preSolution
		{6B84FB2B-AE13-44CE-B6DB-C5B32CBF0A72} = {88D375F8-D6D4-495C-852D-CD9DF1F169C1}
	EndGlobalSection
	GlobalSection(ExtensibilityGlobals) = postSolution
		SolutionGuid = {A5EB60EE-8A7A-452F-87C0-F2B0C0BCCC9C}
	EndGlobalSection
EndGlobal
