<?xml version="1.0" encoding="utf-8"?>
<Project ToolsVersion="4.0" xmlns="http://schemas.microsoft.com/developer/msbuild/2003">
  <ItemGroup>
    <Midl Include="App.idl" />
    <Midl Include="MainPage.idl" />
    <Midl Include="AboutDialog.idl" />
    <Midl Include="NewTaskDialog.idl" />
    <Midl Include="SettingsDialog.idl" />
    <Midl Include="CustomConverter.idl">
      <Filter>CustomConverter</Filter>
    </Midl>
  </ItemGroup>
  <ItemGroup>
    <ClCompile Include="pch.cpp" />
    <ClCompile Include="App.cpp" />
    <ClCompile Include="MainPage.cpp" />
    <ClCompile Include="$(GeneratedFilesDir)module.g.cpp" />
    <ClCompile Include="AboutDialog.cpp" />
    <ClCompile Include="NewTaskDialog.cpp" />
    <ClCompile Include="SettingsDialog.cpp" />
    <ClCompile Include="CustomConverter.cpp">
      <Filter>CustomConverter</Filter>
    </ClCompile>
  </ItemGroup>
  <ItemGroup>
    <ClInclude Include="pch.h" />
    <ClInclude Include="App.h" />
    <ClInclude Include="MainPage.h" />
    <ClInclude Include="resource.h" />
    <ClInclude Include="AboutDialog.h" />
    <ClInclude Include="NewTaskDialog.h" />
    <ClInclude Include="SettingsDialog.h" />
    <ClInclude Include="CustomConverter.h">
      <Filter>CustomConverter</Filter>
    </ClInclude>
  </ItemGroup>
  <ItemGroup>
    <AppxManifest Include="Package.appxmanifest" />
  </ItemGroup>
  <ItemGroup>
    <None Include="Package.StoreAssociation.xml" />
    <None Include="Nagisa_StoreKey.pfx" />
    <None Include="packages.config" />
  </ItemGroup>
  <ItemGroup>
    <Filter Include="XamlResources">
      <UniqueIdentifier>{2ef2c03f-5db7-44ee-9dcb-4cb55dcbcc54}</UniqueIdentifier>
    </Filter>
    <Filter Include="Xaml">
      <UniqueIdentifier>{e1dcbdf9-89f0-4150-803f-50d9035658c0}</UniqueIdentifier>
    </Filter>
    <Filter Include="CustomConverter">
      <UniqueIdentifier>{43c040cb-7586-41ab-a6d3-3b258846b4af}</UniqueIdentifier>
    </Filter>
  </ItemGroup>
  <ItemGroup>
    <ApplicationDefinition Include="App.xaml">
      <Filter>Xaml</Filter>
    </ApplicationDefinition>
  </ItemGroup>
  <ItemGroup>
    <Page Include="MainPage.xaml">
      <Filter>Xaml</Filter>
    </Page>
    <Page Include="AboutDialog.xaml">
      <Filter>Xaml</Filter>
    </Page>
    <Page Include="SettingsDialog.xaml">
      <Filter>Xaml</Filter>
    </Page>
    <Page Include="NewTaskDialog.xaml">
      <Filter>Xaml</Filter>
    </Page>
    <Page Include="CustomAutoSuggestBoxTextBoxStyle.xaml">
      <Filter>XamlResources</Filter>
    </Page>
    <Page Include="CustomContentDialogStyle.xaml">
      <Filter>XamlResources</Filter>
    </Page>
    <Page Include="CustomDimButtonStyle.xaml">
      <Filter>XamlResources</Filter>
    </Page>
  </ItemGroup>
  <ItemGroup>
    <ResourceCompile Include="Nagisa.rc" />
  </ItemGroup>
</Project>