<?xml version="1.0" encoding="utf-8"?>
<Project ToolsVersion="15.0" xmlns="http://schemas.microsoft.com/developer/msbuild/2003">
  <ItemGroup>
    <Filter Include="XamlResources">
      <UniqueIdentifier>cd858cad-04d9-4a81-8c75-26cb74323398</UniqueIdentifier>
    </Filter>
    <Filter Include="Xaml">
      <UniqueIdentifier>{6062f432-bcda-4b23-b38d-27fb385c3d7c}</UniqueIdentifier>
    </Filter>
  </ItemGroup>
  <ItemGroup>
    <ClCompile Include="App.xaml.cpp" />
    <ClCompile Include="MainPage.xaml.cpp" />
    <ClCompile Include="pch.cpp" />
    <ClCompile Include="AboutDialog.xaml.cpp" />
    <ClCompile Include="NewTaskDialog.xaml.cpp" />
    <ClCompile Include="SettingsDialog.xaml.cpp" />
  </ItemGroup>
  <ItemGroup>
    <ClInclude Include="pch.h" />
    <ClInclude Include="App.xaml.h" />
    <ClInclude Include="MainPage.xaml.h" />
    <ClInclude Include="resource.h" />
    <ClInclude Include="AboutDialog.xaml.h" />
    <ClInclude Include="NewTaskDialog.xaml.h" />
    <ClInclude Include="SettingsDialog.xaml.h" />
  </ItemGroup>
  <ItemGroup>
    <AppxManifest Include="Package.appxmanifest" />
  </ItemGroup>
  <ItemGroup>
    <None Include="Package.StoreAssociation.xml" />
    <None Include="Nagisa_StoreKey.pfx" />
  </ItemGroup>
  <ItemGroup>
    <Page Include="XamlResources\CustomContentDialogStyle.xaml">
      <Filter>XamlResources</Filter>
    </Page>
    <Page Include="XamlResources\CustomIconButtonStyle.xaml">
      <Filter>XamlResources</Filter>
    </Page>
    <Page Include="XamlResources\CustomListViewItemStyle.xaml">
      <Filter>XamlResources</Filter>
    </Page>
    <Page Include="XamlResources\CustomConverters.xaml">
      <Filter>XamlResources</Filter>
    </Page>
    <Page Include="AboutDialog.xaml">
      <Filter>Xaml</Filter>
    </Page>
    <Page Include="MainPage.xaml">
      <Filter>Xaml</Filter>
    </Page>
    <Page Include="NewTaskDialog.xaml">
      <Filter>Xaml</Filter>
    </Page>
    <Page Include="SettingsDialog.xaml">
      <Filter>Xaml</Filter>
    </Page>
  </ItemGroup>
  <ItemGroup>
    <ResourceCompile Include="Nagisa.rc" />
  </ItemGroup>
  <ItemGroup>
    <ApplicationDefinition Include="App.xaml">
      <Filter>Xaml</Filter>
    </ApplicationDefinition>
  </ItemGroup>
</Project>