<?xml version="1.0" encoding="utf-8"?>
<Project ToolsVersion="4.0" xmlns="http://schemas.microsoft.com/developer/msbuild/2003">
  <ItemGroup>
    <ClInclude Include="$(MSBuildThisFileDirectory)NagisaVersion.h" />
    <ClInclude Include="$(MSBuildThisFileDirectory)M2BaseHelpers.h" />
    <ClInclude Include="$(MSBuildThisFileDirectory)M2WinRTHelpers.h" />
    <ClInclude Include="$(MSBuildThisFileDirectory)M2CXHelpers.h" />
    <ClInclude Include="$(MSBuildThisFileDirectory)M2BindableVectorView.h" />
  </ItemGroup>
  <ItemGroup>
    <ClCompile Include="$(MSBuildThisFileDirectory)M2BaseHelpers.cpp" />
    <ClCompile Include="$(MSBuildThisFileDirectory)M2WinRTHelpers.cpp" />
    <ClCompile Include="$(MSBuildThisFileDirectory)M2CXHelpers.cpp" />
  </ItemGroup>
</Project>